
Microsoft Visual Studio Solution File, Format Version 11.00
# Visual Studio 2010
Project("{FAE04EC0-301F-11D3-BF4B-00C04F79EFBC}") = "FFLib", "FFLib\FFLib.csproj", "{099EE221-5FC9-4B75-8EEB-28E56C04C5FC}"
EndProject
Project("{FAE04EC0-301F-11D3-BF4B-00C04F79EFBC}") = "FFLibUnitTests", "FFLibUnitTests\FFLibUnitTests.csproj", "{83CD8371-2E86-4585-A6D0-2B6D08D3969F}"
EndProject
Global
	GlobalSection(SolutionConfigurationPlatforms) = preSolution
		Debug|Any CPU = Debug|Any CPU
		Release|Any CPU = Release|Any CPU
	EndGlobalSection
	GlobalSection(ProjectConfigurationPlatforms) = postSolution
		{099EE221-5FC9-4B75-8EEB-28E56C04C5FC}.Debug|Any CPU.ActiveCfg = Debug|Any CPU
		{099EE221-5FC9-4B75-8EEB-28E56C04C5FC}.Debug|Any CPU.Build.0 = Debug|Any CPU
		{099EE221-5FC9-4B75-8EEB-28E56C04C5FC}.Release|Any CPU.ActiveCfg = Release|Any CPU
		{099EE221-5FC9-4B75-8EEB-28E56C04C5FC}.Release|Any CPU.Build.0 = Release|Any CPU
		{83CD8371-2E86-4585-A6D0-2B6D08D3969F}.Debug|Any CPU.ActiveCfg = Debug|Any CPU
		{83CD8371-2E86-4585-A6D0-2B6D08D3969F}.Debug|Any CPU.Build.0 = Debug|Any CPU
		{83CD8371-2E86-4585-A6D0-2B6D08D3969F}.Release|Any CPU.ActiveCfg = Release|Any CPU
		{83CD8371-2E86-4585-A6D0-2B6D08D3969F}.Release|Any CPU.Build.0 = Release|Any CPU
	EndGlobalSection
	GlobalSection(SolutionProperties) = preSolution
		HideSolutionNode = FALSE
	EndGlobalSection
EndGlobal
